
Microsoft Visual Studio Solution File, Format Version 12.00
# Visual Studio Version 16
VisualStudioVersion = 16.0.30804.86
MinimumVisualStudioVersion = 10.0.40219.1
Project("{FAE04EC0-301F-11D3-BF4B-00C04F79EFBC}") = "Task5OOPv3", "Task5OOPv3\Task5OOPv3.csproj", "{AC8662AF-9C8A-42E8-8613-F6407AD27265}"
EndProject
Global
	GlobalSection(SolutionConfigurationPlatforms) = preSolution
		Debug|Any CPU = Debug|Any CPU
		Release|Any CPU = Release|Any CPU
	EndGlobalSection
	GlobalSection(ProjectConfigurationPlatforms) = postSolution
		{AC8662AF-9C8A-42E8-8613-F6407AD27265}.Debug|Any CPU.ActiveCfg = Debug|Any CPU
		{AC8662AF-9C8A-42E8-8613-F6407AD27265}.Debug|Any CPU.Build.0 = Debug|Any CPU
		{AC8662AF-9C8A-42E8-8613-F6407AD27265}.Release|Any CPU.ActiveCfg = Release|Any CPU
		{AC8662AF-9C8A-42E8-8613-F6407AD27265}.Release|Any CPU.Build.0 = Release|Any CPU
	EndGlobalSection
	GlobalSection(SolutionProperties) = preSolution
		HideSolutionNode = FALSE
	EndGlobalSection
	GlobalSection(ExtensibilityGlobals) = postSolution
		SolutionGuid = {E4FD2E91-EAC7-4A0B-84D9-9248F90E3682}
	EndGlobalSection
EndGlobal
